
Microsoft Visual Studio Solution File, Format Version 12.00
# Visual Studio Version 16
VisualStudioVersion = 16.0.30517.126
MinimumVisualStudioVersion = 10.0.40219.1
Project("{FAE04EC0-301F-11D3-BF4B-00C04F79EFBC}") = "DirectoriesAndFiles", "DirectoriesAndFiles\DirectoriesAndFiles.csproj", "{8284571E-6D97-4BF4-B860-A054CEB7C25E}"
EndProject
Project("{FAE04EC0-301F-11D3-BF4B-00C04F79EFBC}") = "WriteFilesAndDirectories", "WriteFilesAndDirectories\WriteFilesAndDirectories.csproj", "{959A0ABD-62A6-4C28-8A3C-6A3DF41B926A}"
EndProject
Global
	GlobalSection(SolutionConfigurationPlatforms) = preSolution
		Debug|Any CPU = Debug|Any CPU
		Release|Any CPU = Release|Any CPU
	EndGlobalSection
	GlobalSection(ProjectConfigurationPlatforms) = postSolution
		{8284571E-6D97-4BF4-B860-A054CEB7C25E}.Debug|Any CPU.ActiveCfg = Debug|Any CPU
		{8284571E-6D97-4BF4-B860-A054CEB7C25E}.Debug|Any CPU.Build.0 = Debug|Any CPU
		{8284571E-6D97-4BF4-B860-A054CEB7C25E}.Release|Any CPU.ActiveCfg = Release|Any CPU
		{8284571E-6D97-4BF4-B860-A054CEB7C25E}.Release|Any CPU.Build.0 = Release|Any CPU
		{959A0ABD-62A6-4C28-8A3C-6A3DF41B926A}.Debug|Any CPU.ActiveCfg = Debug|Any CPU
		{959A0ABD-62A6-4C28-8A3C-6A3DF41B926A}.Debug|Any CPU.Build.0 = Debug|Any CPU
		{959A0ABD-62A6-4C28-8A3C-6A3DF41B926A}.Release|Any CPU.ActiveCfg = Release|Any CPU
		{959A0ABD-62A6-4C28-8A3C-6A3DF41B926A}.Release|Any CPU.Build.0 = Release|Any CPU
	EndGlobalSection
	GlobalSection(SolutionProperties) = preSolution
		HideSolutionNode = FALSE
	EndGlobalSection
	GlobalSection(ExtensibilityGlobals) = postSolution
		SolutionGuid = {6D4BA650-D33A-472D-9EA8-352C2F91F8CC}
	EndGlobalSection
EndGlobal
